PODS:
  - Expecta (0.3.2)
  - OCHamcrest (4.1.1)
  - OCMockito (1.4.0):
    - OCHamcrest (~> 4.0)
  - Specta (0.3.0.beta1)
  - UHNBLEController (0.1.0):
    - UHNDebug
  - UHNDebug (0.1.0)

DEPENDENCIES:
  - Expecta
  - OCMockito (~> 1.0)
  - Specta (from `https://github.com/specta/specta.git`, tag `v0.3.0.beta1`)
  - UHNBLEController (from `../`)
  - UHNDebug (from `git@github.ehealthinnovation.org:PHIT/UHNDebug.git`)

EXTERNAL SOURCES:
  Specta:
    :git: https://github.com/specta/specta.git
    :tag: v0.3.0.beta1
  UHNBLEController:
    :path: ../
  UHNDebug:
    :git: git@github.ehealthinnovation.org:PHIT/UHNDebug.git

CHECKOUT OPTIONS:
  Specta:
    :git: https://github.com/specta/specta.git
    :tag: v0.3.0.beta1
  UHNDebug:
    :commit: d9c79b9fc74af2f9da0772c587590e93b18c57e9
    :git: git@github.ehealthinnovation.org:PHIT/UHNDebug.git

SPEC CHECKSUMS:
  Expecta: ee641011fe10aa1855d487b40e4976dac50ec342
  OCHamcrest: af1c7c5ea345de69ea6c9c2958f65f3044e5c420
  OCMockito: 991936bb775cc4c27f063d38f5e17b9161fbd21c
  Specta: 63e8ac8e07db6675c7096d37f77a266a1be4c02d
  UHNBLEController: 0a39e390da8d39afd50d0413218d8fb54069eebe
  UHNDebug: c0f53cfc5234c9ddf4cdd8106c03cd788afd9ca3

COCOAPODS: 0.35.0
